
Microsoft Visual Studio Solution File, Format Version 12.00
# Visual Studio 15
VisualStudioVersion = 15.0.28307.645
MinimumVisualStudioVersion = 10.0.40219.1
Project("{FAE04EC0-301F-11D3-BF4B-00C04F79EFBC}") = "Todo.Api", "Todo.Api\Todo.Api.csproj", "{24E825A4-00B6-4DEF-9D92-9032F4A0BCC0}"
EndProject
Project("{FAE04EC0-301F-11D3-BF4B-00C04F79EFBC}") = "Todo.Api.Tests", "Todo.Api.Tests\Todo.Api.Tests.csproj", "{63D7919D-7B45-40AD-879B-421853A08496}"
EndProject
Global
	GlobalSection(SolutionConfigurationPlatforms) = preSolution
		Debug|Any CPU = Debug|Any CPU
		Release|Any CPU = Release|Any CPU
	EndGlobalSection
	GlobalSection(ProjectConfigurationPlatforms) = postSolution
		{24E825A4-00B6-4DEF-9D92-9032F4A0BCC0}.Debug|Any CPU.ActiveCfg = Debug|Any CPU
		{24E825A4-00B6-4DEF-9D92-9032F4A0BCC0}.Debug|Any CPU.Build.0 = Debug|Any CPU
		{24E825A4-00B6-4DEF-9D92-9032F4A0BCC0}.Release|Any CPU.ActiveCfg = Release|Any CPU
		{24E825A4-00B6-4DEF-9D92-9032F4A0BCC0}.Release|Any CPU.Build.0 = Release|Any CPU
		{63D7919D-7B45-40AD-879B-421853A08496}.Debug|Any CPU.ActiveCfg = Debug|Any CPU
		{63D7919D-7B45-40AD-879B-421853A08496}.Debug|Any CPU.Build.0 = Debug|Any CPU
		{63D7919D-7B45-40AD-879B-421853A08496}.Release|Any CPU.ActiveCfg = Release|Any CPU
		{63D7919D-7B45-40AD-879B-421853A08496}.Release|Any CPU.Build.0 = Release|Any CPU
	EndGlobalSection
	GlobalSection(SolutionProperties) = preSolution
		HideSolutionNode = FALSE
	EndGlobalSection
	GlobalSection(ExtensibilityGlobals) = postSolution
		SolutionGuid = {4353381B-634D-458A-BE38-FA037BFC63E4}
	EndGlobalSection
EndGlobal
